<Solution>
  <Configurations>
    <Platform Name="x64" />
  </Configurations>
  <Project Path="SimpleVPNApp/SimpleVPNApp.csproj">
    <Platform Project="x64" />
  </Project>
  <Project Path="SimpleVPN.Core/SimpleVPN.Core.csproj" />
  <Project Path="SimpleVPN.Mobile/SimpleVPN.Mobile.csproj" />
</Solution>
