{
  "version": 3,
  "targets": {
    "net10.0/win-x64": {
      "vpk/0.0.1298": {
        "type": "package",
        "tools": {
          "tools/net9.0/any/AWSSDK.Core.dll": {},
          "tools/net9.0/any/AWSSDK.S3.dll": {},
          "tools/net9.0/any/AsmResolver.DotNet.dll": {},
          "tools/net9.0/any/AsmResolver.PE.File.dll": {},
          "tools/net9.0/any/AsmResolver.PE.Win32Resources.dll": {},
          "tools/net9.0/any/AsmResolver.PE.dll": {},
          "tools/net9.0/any/AsmResolver.dll": {},
          "tools/net9.0/any/Azure.Core.dll": {},
          "tools/net9.0/any/Azure.Storage.Blobs.dll": {},
          "tools/net9.0/any/Azure.Storage.Common.dll": {},
          "tools/net9.0/any/DotnetToolSettings.xml": {},
          "tools/net9.0/any/ELFSharp.dll": {},
          "tools/net9.0/any/Gitea.Net.dll": {},
          "tools/net9.0/any/Humanizer.dll": {},
          "tools/net9.0/any/ICSharpCode.SharpZipLib.dll": {},
          "tools/net9.0/any/JsonSubTypes.dll": {},
          "tools/net9.0/any/Markdig.dll": {},
          "tools/net9.0/any/Microsoft.AspNetCore.SystemWebAdapters.dll": {},
          "tools/net9.0/any/Microsoft.Bcl.AsyncInterfaces.dll": {},
          "tools/net9.0/any/Microsoft.Extensions.Configuration.Abstractions.dll": {},
          "tools/net9.0/any/Microsoft.Extensions.Configuration.Binder.dll": {},
          "tools/net9.0/any/Microsoft.Extensions.Configuration.CommandLine.dll": {},
          "tools/net9.0/any/Microsoft.Extensions.Configuration.EnvironmentVariables.dll": {},
          "tools/net9.0/any/Microsoft.Extensions.Configuration.FileExtensions.dll": {},
          "tools/net9.0/any/Microsoft.Extensions.Configuration.Json.dll": {},
          "tools/net9.0/any/Microsoft.Extensions.Configuration.UserSecrets.dll": {},
          "tools/net9.0/any/Microsoft.Extensions.Configuration.dll": {},
          "tools/net9.0/any/Microsoft.Extensions.DependencyInjection.Abstractions.dll": {},
          "tools/net9.0/any/Microsoft.Extensions.DependencyInjection.dll": {},
          "tools/net9.0/any/Microsoft.Extensions.Diagnostics.Abstractions.dll": {},
          "tools/net9.0/any/Microsoft.Extensions.Diagnostics.dll": {},
          "tools/net9.0/any/Microsoft.Extensions.FileProviders.Abstractions.dll": {},
          "tools/net9.0/any/Microsoft.Extensions.FileProviders.Physical.dll": {},
          "tools/net9.0/any/Microsoft.Extensions.FileSystemGlobbing.dll": {},
          "tools/net9.0/any/Microsoft.Extensions.Hosting.Abstractions.dll": {},
          "tools/net9.0/any/Microsoft.Extensions.Hosting.dll": {},
          "tools/net9.0/any/Microsoft.Extensions.Http.dll": {},
          "tools/net9.0/any/Microsoft.Extensions.Logging.Abstractions.dll": {},
          "tools/net9.0/any/Microsoft.Extensions.Logging.Configuration.dll": {},
          "tools/net9.0/any/Microsoft.Extensions.Logging.Console.dll": {},
          "tools/net9.0/any/Microsoft.Extensions.Logging.Debug.dll": {},
          "tools/net9.0/any/Microsoft.Extensions.Logging.EventLog.dll": {},
          "tools/net9.0/any/Microsoft.Extensions.Logging.EventSource.dll": {},
          "tools/net9.0/any/Microsoft.Extensions.Logging.dll": {},
          "tools/net9.0/any/Microsoft.Extensions.Options.ConfigurationExtensions.dll": {},
          "tools/net9.0/any/Microsoft.Extensions.Options.dll": {},
          "tools/net9.0/any/Microsoft.Extensions.Primitives.dll": {},
          "tools/net9.0/any/Microsoft.Identity.Client.Broker.dll": {},
          "tools/net9.0/any/Microsoft.Identity.Client.Extensions.Msal.dll": {},
          "tools/net9.0/any/Microsoft.Identity.Client.NativeInterop.dll": {},
          "tools/net9.0/any/Microsoft.Identity.Client.dll": {},
          "tools/net9.0/any/Microsoft.IdentityModel.Abstractions.dll": {},
          "tools/net9.0/any/Newtonsoft.Json.Bson.dll": {},
          "tools/net9.0/any/Newtonsoft.Json.dll": {},
          "tools/net9.0/any/NuGet.Common.dll": {},
          "tools/net9.0/any/NuGet.Configuration.dll": {},
          "tools/net9.0/any/NuGet.Frameworks.dll": {},
          "tools/net9.0/any/NuGet.Packaging.dll": {},
          "tools/net9.0/any/NuGet.Protocol.dll": {},
          "tools/net9.0/any/NuGet.Versioning.dll": {},
          "tools/net9.0/any/Octokit.dll": {},
          "tools/net9.0/any/Polly.Core.dll": {},
          "tools/net9.0/any/Polly.dll": {},
          "tools/net9.0/any/RestSharp.dll": {},
          "tools/net9.0/any/Riok.Mapperly.Abstractions.dll": {},
          "tools/net9.0/any/Serilog.Expressions.dll": {},
          "tools/net9.0/any/Serilog.Extensions.Hosting.dll": {},
          "tools/net9.0/any/Serilog.Extensions.Logging.dll": {},
          "tools/net9.0/any/Serilog.Sinks.Console.dll": {},
          "tools/net9.0/any/Serilog.dll": {},
          "tools/net9.0/any/SixLabors.ImageSharp.dll": {},
          "tools/net9.0/any/Spectre.Console.dll": {},
          "tools/net9.0/any/System.ClientModel.dll": {},
          "tools/net9.0/any/System.CommandLine.dll": {},
          "tools/net9.0/any/System.Configuration.ConfigurationManager.dll": {},
          "tools/net9.0/any/System.Diagnostics.EventLog.dll": {},
          "tools/net9.0/any/System.IO.Hashing.dll": {},
          "tools/net9.0/any/System.Linq.Async.dll": {},
          "tools/net9.0/any/System.Memory.Data.dll": {},
          "tools/net9.0/any/System.Net.Http.Formatting.dll": {},
          "tools/net9.0/any/System.Runtime.Caching.dll": {},
          "tools/net9.0/any/System.Security.Cryptography.ProtectedData.dll": {},
          "tools/net9.0/any/Velopack.Core.dll": {},
          "tools/net9.0/any/Velopack.Core.pdb": {},
          "tools/net9.0/any/Velopack.Deployment.dll": {},
          "tools/net9.0/any/Velopack.Deployment.pdb": {},
          "tools/net9.0/any/Velopack.Flow.dll": {},
          "tools/net9.0/any/Velopack.Flow.pdb": {},
          "tools/net9.0/any/Velopack.IcoLib.dll": {},
          "tools/net9.0/any/Velopack.IcoLib.pdb": {},
          "tools/net9.0/any/Velopack.Packaging.Unix.dll": {},
          "tools/net9.0/any/Velopack.Packaging.Unix.pdb": {},
          "tools/net9.0/any/Velopack.Packaging.Windows.dll": {},
          "tools/net9.0/any/Velopack.Packaging.Windows.pdb": {},
          "tools/net9.0/any/Velopack.Packaging.dll": {},
          "tools/net9.0/any/Velopack.Packaging.pdb": {},
          "tools/net9.0/any/Velopack.dll": {},
          "tools/net9.0/any/Velopack.pdb": {},
          "tools/net9.0/any/Velopack.xml": {},
          "tools/net9.0/any/runtimes/linux-x64/native/libmsalruntime.so": {},
          "tools/net9.0/any/runtimes/win-arm64/lib/net5.0/getfilesiginforedistwrapper.dll": {},
          "tools/net9.0/any/runtimes/win-arm64/native/getfilesiginforedist.dll": {},
          "tools/net9.0/any/runtimes/win-arm64/native/msalruntime_arm64.dll": {},
          "tools/net9.0/any/runtimes/win-x64/lib/net5.0/getfilesiginforedistwrapper.dll": {},
          "tools/net9.0/any/runtimes/win-x64/native/getfilesiginforedist.dll": {},
          "tools/net9.0/any/runtimes/win-x64/native/msalruntime.dll": {},
          "tools/net9.0/any/runtimes/win-x86/lib/net5.0/getfilesiginforedistwrapper.dll": {},
          "tools/net9.0/any/runtimes/win-x86/native/getfilesiginforedist.dll": {},
          "tools/net9.0/any/runtimes/win-x86/native/msalruntime_x86.dll": {},
          "tools/net9.0/any/runtimes/win/lib/net8.0/System.Runtime.Caching.dll": {},
          "tools/net9.0/any/runtimes/win/lib/net9.0/System.Diagnostics.EventLog.Messages.dll": {},
          "tools/net9.0/any/runtimes/win/lib/net9.0/System.Diagnostics.EventLog.dll": {},
          "tools/net9.0/any/vpk.deps.json": {},
          "tools/net9.0/any/vpk.dll": {},
          "tools/net9.0/any/vpk.pdb": {},
          "tools/net9.0/any/vpk.runtimeconfig.json": {}
        }
      }
    }
  },
  "libraries": {},
  "projectFileDependencyGroups": {}
}